
Microsoft Visual Studio Solution File, Format Version 12.00
# Visual Studio 15
VisualStudioVersion = 15.0.26124.0
MinimumVisualStudioVersion = 15.0.26124.0
Project("{FAE04EC0-301F-11D3-BF4B-00C04F79EFBC}") = "problemsets", "problemsets\problemsets.csproj", "{53A79C22-6877-475F-AA36-68B3AE9B3022}"
EndProject
Project("{FAE04EC0-301F-11D3-BF4B-00C04F79EFBC}") = "problemsetsTest", "problemsetsTest\problemsetsTest.csproj", "{940EACEF-C30D-48F1-A5C8-BF0B34F75A7C}"
EndProject
Project("{FAE04EC0-301F-11D3-BF4B-00C04F79EFBC}") = "datastructures", "datastructures\datastructures.csproj", "{68671BBC-43C8-41FD-B002-92D84CBEEF9D}"
EndProject
Global
	GlobalSection(SolutionConfigurationPlatforms) = preSolution
		Debug|Any CPU = Debug|Any CPU
		Debug|x64 = Debug|x64
		Debug|x86 = Debug|x86
		Release|Any CPU = Release|Any CPU
		Release|x64 = Release|x64
		Release|x86 = Release|x86
	EndGlobalSection
	GlobalSection(SolutionProperties) = preSolution
		HideSolutionNode = FALSE
	EndGlobalSection
	GlobalSection(ProjectConfigurationPlatforms) = postSolution
		{53A79C22-6877-475F-AA36-68B3AE9B3022}.Debug|Any CPU.ActiveCfg = Debug|Any CPU
		{53A79C22-6877-475F-AA36-68B3AE9B3022}.Debug|Any CPU.Build.0 = Debug|Any CPU
		{53A79C22-6877-475F-AA36-68B3AE9B3022}.Debug|x64.ActiveCfg = Debug|Any CPU
		{53A79C22-6877-475F-AA36-68B3AE9B3022}.Debug|x64.Build.0 = Debug|Any CPU
		{53A79C22-6877-475F-AA36-68B3AE9B3022}.Debug|x86.ActiveCfg = Debug|Any CPU
		{53A79C22-6877-475F-AA36-68B3AE9B3022}.Debug|x86.Build.0 = Debug|Any CPU
		{53A79C22-6877-475F-AA36-68B3AE9B3022}.Release|Any CPU.ActiveCfg = Release|Any CPU
		{53A79C22-6877-475F-AA36-68B3AE9B3022}.Release|Any CPU.Build.0 = Release|Any CPU
		{53A79C22-6877-475F-AA36-68B3AE9B3022}.Release|x64.ActiveCfg = Release|Any CPU
		{53A79C22-6877-475F-AA36-68B3AE9B3022}.Release|x64.Build.0 = Release|Any CPU
		{53A79C22-6877-475F-AA36-68B3AE9B3022}.Release|x86.ActiveCfg = Release|Any CPU
		{53A79C22-6877-475F-AA36-68B3AE9B3022}.Release|x86.Build.0 = Release|Any CPU
		{940EACEF-C30D-48F1-A5C8-BF0B34F75A7C}.Debug|Any CPU.ActiveCfg = Debug|Any CPU
		{940EACEF-C30D-48F1-A5C8-BF0B34F75A7C}.Debug|Any CPU.Build.0 = Debug|Any CPU
		{940EACEF-C30D-48F1-A5C8-BF0B34F75A7C}.Debug|x64.ActiveCfg = Debug|Any CPU
		{940EACEF-C30D-48F1-A5C8-BF0B34F75A7C}.Debug|x64.Build.0 = Debug|Any CPU
		{940EACEF-C30D-48F1-A5C8-BF0B34F75A7C}.Debug|x86.ActiveCfg = Debug|Any CPU
		{940EACEF-C30D-48F1-A5C8-BF0B34F75A7C}.Debug|x86.Build.0 = Debug|Any CPU
		{940EACEF-C30D-48F1-A5C8-BF0B34F75A7C}.Release|Any CPU.ActiveCfg = Release|Any CPU
		{940EACEF-C30D-48F1-A5C8-BF0B34F75A7C}.Release|Any CPU.Build.0 = Release|Any CPU
		{940EACEF-C30D-48F1-A5C8-BF0B34F75A7C}.Release|x64.ActiveCfg = Release|Any CPU
		{940EACEF-C30D-48F1-A5C8-BF0B34F75A7C}.Release|x64.Build.0 = Release|Any CPU
		{940EACEF-C30D-48F1-A5C8-BF0B34F75A7C}.Release|x86.ActiveCfg = Release|Any CPU
		{940EACEF-C30D-48F1-A5C8-BF0B34F75A7C}.Release|x86.Build.0 = Release|Any CPU
		{68671BBC-43C8-41FD-B002-92D84CBEEF9D}.Debug|Any CPU.ActiveCfg = Debug|Any CPU
		{68671BBC-43C8-41FD-B002-92D84CBEEF9D}.Debug|Any CPU.Build.0 = Debug|Any CPU
		{68671BBC-43C8-41FD-B002-92D84CBEEF9D}.Debug|x64.ActiveCfg = Debug|Any CPU
		{68671BBC-43C8-41FD-B002-92D84CBEEF9D}.Debug|x64.Build.0 = Debug|Any CPU
		{68671BBC-43C8-41FD-B002-92D84CBEEF9D}.Debug|x86.ActiveCfg = Debug|Any CPU
		{68671BBC-43C8-41FD-B002-92D84CBEEF9D}.Debug|x86.Build.0 = Debug|Any CPU
		{68671BBC-43C8-41FD-B002-92D84CBEEF9D}.Release|Any CPU.ActiveCfg = Release|Any CPU
		{68671BBC-43C8-41FD-B002-92D84CBEEF9D}.Release|Any CPU.Build.0 = Release|Any CPU
		{68671BBC-43C8-41FD-B002-92D84CBEEF9D}.Release|x64.ActiveCfg = Release|Any CPU
		{68671BBC-43C8-41FD-B002-92D84CBEEF9D}.Release|x64.Build.0 = Release|Any CPU
		{68671BBC-43C8-41FD-B002-92D84CBEEF9D}.Release|x86.ActiveCfg = Release|Any CPU
		{68671BBC-43C8-41FD-B002-92D84CBEEF9D}.Release|x86.Build.0 = Release|Any CPU
	EndGlobalSection
EndGlobal
